
Microsoft Visual Studio Solution File, Format Version 12.00
# Visual Studio Version 16
VisualStudioVersion = 16.0.32901.82
MinimumVisualStudioVersion = 10.0.40219.1
Project("{2150E333-8FDC-42A3-9474-1A3956D46DE8}") = "01-Domain", "01-Domain", "{66C662D1-10E7-424B-9B3D-F1DEBECBE6A5}"
EndProject
Project("{2150E333-8FDC-42A3-9474-1A3956D46DE8}") = "02-Data", "02-Data", "{86CCF11B-6B78-43E5-8AAD-97C282C835DE}"
EndProject
Project("{2150E333-8FDC-42A3-9474-1A3956D46DE8}") = "03-Service", "03-Service", "{B0567B02-FC65-4E69-8B30-73CA965A935F}"
EndProject
Project("{2150E333-8FDC-42A3-9474-1A3956D46DE8}") = "04-API", "04-API", "{A06404D4-79BB-4E47-97A8-6BC2390D2DB9}"
EndProject
Project("{2150E333-8FDC-42A3-9474-1A3956D46DE8}") = "05-Testes", "05-Testes", "{F31E306B-A88D-4A42-986C-D71F8EE13E21}"
EndProject
Project("{FAE04EC0-301F-11D3-BF4B-00C04F79EFBC}") = "UserManager.Data", "UserManager.Data\UserManager.Data.csproj", "{911AC8E4-D612-444C-AE68-2D6F96C89546}"
EndProject
Project("{FAE04EC0-301F-11D3-BF4B-00C04F79EFBC}") = "UserManager.Domain", "UserManager.Domain\UserManager.Domain.csproj", "{15E82475-99EF-4240-81ED-83CB19280A0C}"
EndProject
Project("{FAE04EC0-301F-11D3-BF4B-00C04F79EFBC}") = "UserManager.Service", "UserManager.Service\UserManager.Service.csproj", "{FE8A7306-0765-4322-AD89-515DFAF4F246}"
EndProject
Project("{FAE04EC0-301F-11D3-BF4B-00C04F79EFBC}") = "UserManager.API", "UserManager.API\UserManager.API.csproj", "{2FD647ED-8983-4DAE-BBF8-69A57DE08E50}"
EndProject
Project("{FAE04EC0-301F-11D3-BF4B-00C04F79EFBC}") = "UserManager.Teste", "UserManager.Teste\UserManager.Teste.csproj", "{8185F2E4-1E8C-4730-AB61-DDDF42A40F25}"
EndProject
Global
	GlobalSection(SolutionConfigurationPlatforms) = preSolution
		Debug|Any CPU = Debug|Any CPU
		Release|Any CPU = Release|Any CPU
	EndGlobalSection
	GlobalSection(ProjectConfigurationPlatforms) = postSolution
		{911AC8E4-D612-444C-AE68-2D6F96C89546}.Debug|Any CPU.ActiveCfg = Debug|Any CPU
		{911AC8E4-D612-444C-AE68-2D6F96C89546}.Debug|Any CPU.Build.0 = Debug|Any CPU
		{911AC8E4-D612-444C-AE68-2D6F96C89546}.Release|Any CPU.ActiveCfg = Release|Any CPU
		{911AC8E4-D612-444C-AE68-2D6F96C89546}.Release|Any CPU.Build.0 = Release|Any CPU
		{15E82475-99EF-4240-81ED-83CB19280A0C}.Debug|Any CPU.ActiveCfg = Debug|Any CPU
		{15E82475-99EF-4240-81ED-83CB19280A0C}.Debug|Any CPU.Build.0 = Debug|Any CPU
		{15E82475-99EF-4240-81ED-83CB19280A0C}.Release|Any CPU.ActiveCfg = Release|Any CPU
		{15E82475-99EF-4240-81ED-83CB19280A0C}.Release|Any CPU.Build.0 = Release|Any CPU
		{FE8A7306-0765-4322-AD89-515DFAF4F246}.Debug|Any CPU.ActiveCfg = Debug|Any CPU
		{FE8A7306-0765-4322-AD89-515DFAF4F246}.Debug|Any CPU.Build.0 = Debug|Any CPU
		{FE8A7306-0765-4322-AD89-515DFAF4F246}.Release|Any CPU.ActiveCfg = Release|Any CPU
		{FE8A7306-0765-4322-AD89-515DFAF4F246}.Release|Any CPU.Build.0 = Release|Any CPU
		{2FD647ED-8983-4DAE-BBF8-69A57DE08E50}.Debug|Any CPU.ActiveCfg = Debug|Any CPU
		{2FD647ED-8983-4DAE-BBF8-69A57DE08E50}.Debug|Any CPU.Build.0 = Debug|Any CPU
		{2FD647ED-8983-4DAE-BBF8-69A57DE08E50}.Release|Any CPU.ActiveCfg = Release|Any CPU
		{2FD647ED-8983-4DAE-BBF8-69A57DE08E50}.Release|Any CPU.Build.0 = Release|Any CPU
		{8185F2E4-1E8C-4730-AB61-DDDF42A40F25}.Debug|Any CPU.ActiveCfg = Debug|Any CPU
		{8185F2E4-1E8C-4730-AB61-DDDF42A40F25}.Debug|Any CPU.Build.0 = Debug|Any CPU
		{8185F2E4-1E8C-4730-AB61-DDDF42A40F25}.Release|Any CPU.ActiveCfg = Release|Any CPU
		{8185F2E4-1E8C-4730-AB61-DDDF42A40F25}.Release|Any CPU.Build.0 = Release|Any CPU
	EndGlobalSection
	GlobalSection(SolutionProperties) = preSolution
		HideSolutionNode = FALSE
	EndGlobalSection
	GlobalSection(NestedProjects) = preSolution
		{911AC8E4-D612-444C-AE68-2D6F96C89546} = {86CCF11B-6B78-43E5-8AAD-97C282C835DE}
		{15E82475-99EF-4240-81ED-83CB19280A0C} = {66C662D1-10E7-424B-9B3D-F1DEBECBE6A5}
		{FE8A7306-0765-4322-AD89-515DFAF4F246} = {B0567B02-FC65-4E69-8B30-73CA965A935F}
		{2FD647ED-8983-4DAE-BBF8-69A57DE08E50} = {A06404D4-79BB-4E47-97A8-6BC2390D2DB9}
		{8185F2E4-1E8C-4730-AB61-DDDF42A40F25} = {F31E306B-A88D-4A42-986C-D71F8EE13E21}
	EndGlobalSection
	GlobalSection(ExtensibilityGlobals) = postSolution
		SolutionGuid = {662202CC-811A-4C77-AFB4-1041D8C9365C}
	EndGlobalSection
EndGlobal
